
Microsoft Visual Studio Solution File, Format Version 12.00
# Visual Studio 15
VisualStudioVersion = 15.0.26430.6
MinimumVisualStudioVersion = 10.0.40219.1
Project("{FAE04EC0-301F-11D3-BF4B-00C04F79EFBC}") = "Inspection.Android", "Inspection\Inspection.Android\Inspection.Android.csproj", "{C1F9980D-BF9B-4F77-A863-D6C3FA0BD11B}"
EndProject
Project("{FAE04EC0-301F-11D3-BF4B-00C04F79EFBC}") = "Inspection", "Inspection\Inspection\Inspection.csproj", "{7F3EA5BB-E609-40A4-A106-D49C87B085F0}"
EndProject
Project("{FAE04EC0-301F-11D3-BF4B-00C04F79EFBC}") = "Inspection.iOS", "Inspection\Inspection.iOS\Inspection.iOS.csproj", "{51D965CA-5407-40A4-B82E-2439543521D4}"
EndProject
Project("{FAE04EC0-301F-11D3-BF4B-00C04F79EFBC}") = "BusinessObjects", "BusinessObjects\BusinessObjects.csproj", "{64C2C1A7-3F90-4050-B2D0-AA14911569F8}"
EndProject
Project("{FAE04EC0-301F-11D3-BF4B-00C04F79EFBC}") = "DataLayer", "DataLayer\DataLayer.csproj", "{A5EAE30F-DE8B-47BF-B7A9-9EAA1525F297}"
EndProject
Global
	GlobalSection(SolutionConfigurationPlatforms) = preSolution
		Ad-Hoc|Any CPU = Ad-Hoc|Any CPU
		Ad-Hoc|iPhone = Ad-Hoc|iPhone
		Ad-Hoc|iPhoneSimulator = Ad-Hoc|iPhoneSimulator
		AppStore|Any CPU = AppStore|Any CPU
		AppStore|iPhone = AppStore|iPhone
		AppStore|iPhoneSimulator = AppStore|iPhoneSimulator
		Debug|Any CPU = Debug|Any CPU
		Debug|iPhone = Debug|iPhone
		Debug|iPhoneSimulator = Debug|iPhoneSimulator
		Release|Any CPU = Release|Any CPU
		Release|iPhone = Release|iPhone
		Release|iPhoneSimulator = Release|iPhoneSimulator
	EndGlobalSection
	GlobalSection(ProjectConfigurationPlatforms) = postSolution
		{C1F9980D-BF9B-4F77-A863-D6C3FA0BD11B}.Ad-Hoc|Any CPU.ActiveCfg = Release|Any CPU
		{C1F9980D-BF9B-4F77-A863-D6C3FA0BD11B}.Ad-Hoc|Any CPU.Build.0 = Release|Any CPU
		{C1F9980D-BF9B-4F77-A863-D6C3FA0BD11B}.Ad-Hoc|Any CPU.Deploy.0 = Release|Any CPU
		{C1F9980D-BF9B-4F77-A863-D6C3FA0BD11B}.Ad-Hoc|iPhone.ActiveCfg = Release|Any CPU
		{C1F9980D-BF9B-4F77-A863-D6C3FA0BD11B}.Ad-Hoc|iPhone.Build.0 = Release|Any CPU
		{C1F9980D-BF9B-4F77-A863-D6C3FA0BD11B}.Ad-Hoc|iPhone.Deploy.0 = Release|Any CPU
		{C1F9980D-BF9B-4F77-A863-D6C3FA0BD11B}.Ad-Hoc|iPhoneSimulator.ActiveCfg = Release|Any CPU
		{C1F9980D-BF9B-4F77-A863-D6C3FA0BD11B}.Ad-Hoc|iPhoneSimulator.Build.0 = Release|Any CPU
		{C1F9980D-BF9B-4F77-A863-D6C3FA0BD11B}.Ad-Hoc|iPhoneSimulator.Deploy.0 = Release|Any CPU
		{C1F9980D-BF9B-4F77-A863-D6C3FA0BD11B}.AppStore|Any CPU.ActiveCfg = Release|Any CPU
		{C1F9980D-BF9B-4F77-A863-D6C3FA0BD11B}.AppStore|Any CPU.Build.0 = Release|Any CPU
		{C1F9980D-BF9B-4F77-A863-D6C3FA0BD11B}.AppStore|Any CPU.Deploy.0 = Release|Any CPU
		{C1F9980D-BF9B-4F77-A863-D6C3FA0BD11B}.AppStore|iPhone.ActiveCfg = Release|Any CPU
		{C1F9980D-BF9B-4F77-A863-D6C3FA0BD11B}.AppStore|iPhone.Build.0 = Release|Any CPU
		{C1F9980D-BF9B-4F77-A863-D6C3FA0BD11B}.AppStore|iPhone.Deploy.0 = Release|Any CPU
		{C1F9980D-BF9B-4F77-A863-D6C3FA0BD11B}.AppStore|iPhoneSimulator.ActiveCfg = Release|Any CPU
		{C1F9980D-BF9B-4F77-A863-D6C3FA0BD11B}.AppStore|iPhoneSimulator.Build.0 = Release|Any CPU
		{C1F9980D-BF9B-4F77-A863-D6C3FA0BD11B}.AppStore|iPhoneSimulator.Deploy.0 = Release|Any CPU
		{C1F9980D-BF9B-4F77-A863-D6C3FA0BD11B}.Debug|Any CPU.ActiveCfg = Debug|Any CPU
		{C1F9980D-BF9B-4F77-A863-D6C3FA0BD11B}.Debug|Any CPU.Build.0 = Debug|Any CPU
		{C1F9980D-BF9B-4F77-A863-D6C3FA0BD11B}.Debug|Any CPU.Deploy.0 = Debug|Any CPU
		{C1F9980D-BF9B-4F77-A863-D6C3FA0BD11B}.Debug|iPhone.ActiveCfg = Debug|Any CPU
		{C1F9980D-BF9B-4F77-A863-D6C3FA0BD11B}.Debug|iPhone.Build.0 = Debug|Any CPU
		{C1F9980D-BF9B-4F77-A863-D6C3FA0BD11B}.Debug|iPhone.Deploy.0 = Debug|Any CPU
		{C1F9980D-BF9B-4F77-A863-D6C3FA0BD11B}.Debug|iPhoneSimulator.ActiveCfg = Debug|Any CPU
		{C1F9980D-BF9B-4F77-A863-D6C3FA0BD11B}.Debug|iPhoneSimulator.Build.0 = Debug|Any CPU
		{C1F9980D-BF9B-4F77-A863-D6C3FA0BD11B}.Debug|iPhoneSimulator.Deploy.0 = Debug|Any CPU
		{C1F9980D-BF9B-4F77-A863-D6C3FA0BD11B}.Release|Any CPU.ActiveCfg = Release|Any CPU
		{C1F9980D-BF9B-4F77-A863-D6C3FA0BD11B}.Release|Any CPU.Build.0 = Release|Any CPU
		{C1F9980D-BF9B-4F77-A863-D6C3FA0BD11B}.Release|Any CPU.Deploy.0 = Release|Any CPU
		{C1F9980D-BF9B-4F77-A863-D6C3FA0BD11B}.Release|iPhone.ActiveCfg = Release|Any CPU
		{C1F9980D-BF9B-4F77-A863-D6C3FA0BD11B}.Release|iPhone.Build.0 = Release|Any CPU
		{C1F9980D-BF9B-4F77-A863-D6C3FA0BD11B}.Release|iPhone.Deploy.0 = Release|Any CPU
		{C1F9980D-BF9B-4F77-A863-D6C3FA0BD11B}.Release|iPhoneSimulator.ActiveCfg = Release|Any CPU
		{C1F9980D-BF9B-4F77-A863-D6C3FA0BD11B}.Release|iPhoneSimulator.Build.0 = Release|Any CPU
		{C1F9980D-BF9B-4F77-A863-D6C3FA0BD11B}.Release|iPhoneSimulator.Deploy.0 = Release|Any CPU
		{7F3EA5BB-E609-40A4-A106-D49C87B085F0}.Ad-Hoc|Any CPU.ActiveCfg = Release|Any CPU
		{7F3EA5BB-E609-40A4-A106-D49C87B085F0}.Ad-Hoc|Any CPU.Build.0 = Release|Any CPU
		{7F3EA5BB-E609-40A4-A106-D49C87B085F0}.Ad-Hoc|iPhone.ActiveCfg = Release|Any CPU
		{7F3EA5BB-E609-40A4-A106-D49C87B085F0}.Ad-Hoc|iPhone.Build.0 = Release|Any CPU
		{7F3EA5BB-E609-40A4-A106-D49C87B085F0}.Ad-Hoc|iPhoneSimulator.ActiveCfg = Release|Any CPU
		{7F3EA5BB-E609-40A4-A106-D49C87B085F0}.Ad-Hoc|iPhoneSimulator.Build.0 = Release|Any CPU
		{7F3EA5BB-E609-40A4-A106-D49C87B085F0}.AppStore|Any CPU.ActiveCfg = Release|Any CPU
		{7F3EA5BB-E609-40A4-A106-D49C87B085F0}.AppStore|Any CPU.Build.0 = Release|Any CPU
		{7F3EA5BB-E609-40A4-A106-D49C87B085F0}.AppStore|iPhone.ActiveCfg = Release|Any CPU
		{7F3EA5BB-E609-40A4-A106-D49C87B085F0}.AppStore|iPhone.Build.0 = Release|Any CPU
		{7F3EA5BB-E609-40A4-A106-D49C87B085F0}.AppStore|iPhoneSimulator.ActiveCfg = Release|Any CPU
		{7F3EA5BB-E609-40A4-A106-D49C87B085F0}.AppStore|iPhoneSimulator.Build.0 = Release|Any CPU
		{7F3EA5BB-E609-40A4-A106-D49C87B085F0}.Debug|Any CPU.ActiveCfg = Debug|Any CPU
		{7F3EA5BB-E609-40A4-A106-D49C87B085F0}.Debug|Any CPU.Build.0 = Debug|Any CPU
		{7F3EA5BB-E609-40A4-A106-D49C87B085F0}.Debug|iPhone.ActiveCfg = Debug|Any CPU
		{7F3EA5BB-E609-40A4-A106-D49C87B085F0}.Debug|iPhone.Build.0 = Debug|Any CPU
		{7F3EA5BB-E609-40A4-A106-D49C87B085F0}.Debug|iPhoneSimulator.ActiveCfg = Debug|Any CPU
		{7F3EA5BB-E609-40A4-A106-D49C87B085F0}.Debug|iPhoneSimulator.Build.0 = Debug|Any CPU
		{7F3EA5BB-E609-40A4-A106-D49C87B085F0}.Release|Any CPU.ActiveCfg = Release|Any CPU
		{7F3EA5BB-E609-40A4-A106-D49C87B085F0}.Release|Any CPU.Build.0 = Release|Any CPU
		{7F3EA5BB-E609-40A4-A106-D49C87B085F0}.Release|iPhone.ActiveCfg = Release|Any CPU
		{7F3EA5BB-E609-40A4-A106-D49C87B085F0}.Release|iPhone.Build.0 = Release|Any CPU
		{7F3EA5BB-E609-40A4-A106-D49C87B085F0}.Release|iPhoneSimulator.ActiveCfg = Release|Any CPU
		{7F3EA5BB-E609-40A4-A106-D49C87B085F0}.Release|iPhoneSimulator.Build.0 = Release|Any CPU
		{51D965CA-5407-40A4-B82E-2439543521D4}.Ad-Hoc|Any CPU.ActiveCfg = Ad-Hoc|iPhone
		{51D965CA-5407-40A4-B82E-2439543521D4}.Ad-Hoc|iPhone.ActiveCfg = Ad-Hoc|iPhone
		{51D965CA-5407-40A4-B82E-2439543521D4}.Ad-Hoc|iPhone.Build.0 = Ad-Hoc|iPhone
		{51D965CA-5407-40A4-B82E-2439543521D4}.Ad-Hoc|iPhoneSimulator.ActiveCfg = Ad-Hoc|iPhoneSimulator
		{51D965CA-5407-40A4-B82E-2439543521D4}.Ad-Hoc|iPhoneSimulator.Build.0 = Ad-Hoc|iPhoneSimulator
		{51D965CA-5407-40A4-B82E-2439543521D4}.AppStore|Any CPU.ActiveCfg = AppStore|iPhone
		{51D965CA-5407-40A4-B82E-2439543521D4}.AppStore|iPhone.ActiveCfg = AppStore|iPhone
		{51D965CA-5407-40A4-B82E-2439543521D4}.AppStore|iPhone.Build.0 = AppStore|iPhone
		{51D965CA-5407-40A4-B82E-2439543521D4}.AppStore|iPhoneSimulator.ActiveCfg = AppStore|iPhoneSimulator
		{51D965CA-5407-40A4-B82E-2439543521D4}.AppStore|iPhoneSimulator.Build.0 = AppStore|iPhoneSimulator
		{51D965CA-5407-40A4-B82E-2439543521D4}.Debug|Any CPU.ActiveCfg = Debug|iPhone
		{51D965CA-5407-40A4-B82E-2439543521D4}.Debug|iPhone.ActiveCfg = Debug|iPhone
		{51D965CA-5407-40A4-B82E-2439543521D4}.Debug|iPhone.Build.0 = Debug|iPhone
		{51D965CA-5407-40A4-B82E-2439543521D4}.Debug|iPhoneSimulator.ActiveCfg = Debug|iPhoneSimulator
		{51D965CA-5407-40A4-B82E-2439543521D4}.Debug|iPhoneSimulator.Build.0 = Debug|iPhoneSimulator
		{51D965CA-5407-40A4-B82E-2439543521D4}.Release|Any CPU.ActiveCfg = Release|iPhone
		{51D965CA-5407-40A4-B82E-2439543521D4}.Release|iPhone.ActiveCfg = Release|iPhone
		{51D965CA-5407-40A4-B82E-2439543521D4}.Release|iPhone.Build.0 = Release|iPhone
		{51D965CA-5407-40A4-B82E-2439543521D4}.Release|iPhoneSimulator.ActiveCfg = Release|iPhoneSimulator
		{51D965CA-5407-40A4-B82E-2439543521D4}.Release|iPhoneSimulator.Build.0 = Release|iPhoneSimulator
		{64C2C1A7-3F90-4050-B2D0-AA14911569F8}.Ad-Hoc|Any CPU.ActiveCfg = Release|Any CPU
		{64C2C1A7-3F90-4050-B2D0-AA14911569F8}.Ad-Hoc|Any CPU.Build.0 = Release|Any CPU
		{64C2C1A7-3F90-4050-B2D0-AA14911569F8}.Ad-Hoc|iPhone.ActiveCfg = Release|Any CPU
		{64C2C1A7-3F90-4050-B2D0-AA14911569F8}.Ad-Hoc|iPhone.Build.0 = Release|Any CPU
		{64C2C1A7-3F90-4050-B2D0-AA14911569F8}.Ad-Hoc|iPhoneSimulator.ActiveCfg = Release|Any CPU
		{64C2C1A7-3F90-4050-B2D0-AA14911569F8}.Ad-Hoc|iPhoneSimulator.Build.0 = Release|Any CPU
		{64C2C1A7-3F90-4050-B2D0-AA14911569F8}.AppStore|Any CPU.ActiveCfg = Release|Any CPU
		{64C2C1A7-3F90-4050-B2D0-AA14911569F8}.AppStore|Any CPU.Build.0 = Release|Any CPU
		{64C2C1A7-3F90-4050-B2D0-AA14911569F8}.AppStore|iPhone.ActiveCfg = Release|Any CPU
		{64C2C1A7-3F90-4050-B2D0-AA14911569F8}.AppStore|iPhone.Build.0 = Release|Any CPU
		{64C2C1A7-3F90-4050-B2D0-AA14911569F8}.AppStore|iPhoneSimulator.ActiveCfg = Release|Any CPU
		{64C2C1A7-3F90-4050-B2D0-AA14911569F8}.AppStore|iPhoneSimulator.Build.0 = Release|Any CPU
		{64C2C1A7-3F90-4050-B2D0-AA14911569F8}.Debug|Any CPU.ActiveCfg = Debug|Any CPU
		{64C2C1A7-3F90-4050-B2D0-AA14911569F8}.Debug|Any CPU.Build.0 = Debug|Any CPU
		{64C2C1A7-3F90-4050-B2D0-AA14911569F8}.Debug|iPhone.ActiveCfg = Debug|Any CPU
		{64C2C1A7-3F90-4050-B2D0-AA14911569F8}.Debug|iPhone.Build.0 = Debug|Any CPU
		{64C2C1A7-3F90-4050-B2D0-AA14911569F8}.Debug|iPhoneSimulator.ActiveCfg = Debug|Any CPU
		{64C2C1A7-3F90-4050-B2D0-AA14911569F8}.Debug|iPhoneSimulator.Build.0 = Debug|Any CPU
		{64C2C1A7-3F90-4050-B2D0-AA14911569F8}.Release|Any CPU.ActiveCfg = Release|Any CPU
		{64C2C1A7-3F90-4050-B2D0-AA14911569F8}.Release|Any CPU.Build.0 = Release|Any CPU
		{64C2C1A7-3F90-4050-B2D0-AA14911569F8}.Release|iPhone.ActiveCfg = Release|Any CPU
		{64C2C1A7-3F90-4050-B2D0-AA14911569F8}.Release|iPhone.Build.0 = Release|Any CPU
		{64C2C1A7-3F90-4050-B2D0-AA14911569F8}.Release|iPhoneSimulator.ActiveCfg = Release|Any CPU
		{64C2C1A7-3F90-4050-B2D0-AA14911569F8}.Release|iPhoneSimulator.Build.0 = Release|Any CPU
		{A5EAE30F-DE8B-47BF-B7A9-9EAA1525F297}.Ad-Hoc|Any CPU.ActiveCfg = Release|Any CPU
		{A5EAE30F-DE8B-47BF-B7A9-9EAA1525F297}.Ad-Hoc|Any CPU.Build.0 = Release|Any CPU
		{A5EAE30F-DE8B-47BF-B7A9-9EAA1525F297}.Ad-Hoc|iPhone.ActiveCfg = Release|Any CPU
		{A5EAE30F-DE8B-47BF-B7A9-9EAA1525F297}.Ad-Hoc|iPhone.Build.0 = Release|Any CPU
		{A5EAE30F-DE8B-47BF-B7A9-9EAA1525F297}.Ad-Hoc|iPhoneSimulator.ActiveCfg = Release|Any CPU
		{A5EAE30F-DE8B-47BF-B7A9-9EAA1525F297}.Ad-Hoc|iPhoneSimulator.Build.0 = Release|Any CPU
		{A5EAE30F-DE8B-47BF-B7A9-9EAA1525F297}.AppStore|Any CPU.ActiveCfg = Release|Any CPU
		{A5EAE30F-DE8B-47BF-B7A9-9EAA1525F297}.AppStore|Any CPU.Build.0 = Release|Any CPU
		{A5EAE30F-DE8B-47BF-B7A9-9EAA1525F297}.AppStore|iPhone.ActiveCfg = Release|Any CPU
		{A5EAE30F-DE8B-47BF-B7A9-9EAA1525F297}.AppStore|iPhone.Build.0 = Release|Any CPU
		{A5EAE30F-DE8B-47BF-B7A9-9EAA1525F297}.AppStore|iPhoneSimulator.ActiveCfg = Release|Any CPU
		{A5EAE30F-DE8B-47BF-B7A9-9EAA1525F297}.AppStore|iPhoneSimulator.Build.0 = Release|Any CPU
		{A5EAE30F-DE8B-47BF-B7A9-9EAA1525F297}.Debug|Any CPU.ActiveCfg = Debug|Any CPU
		{A5EAE30F-DE8B-47BF-B7A9-9EAA1525F297}.Debug|Any CPU.Build.0 = Debug|Any CPU
		{A5EAE30F-DE8B-47BF-B7A9-9EAA1525F297}.Debug|iPhone.ActiveCfg = Debug|Any CPU
		{A5EAE30F-DE8B-47BF-B7A9-9EAA1525F297}.Debug|iPhone.Build.0 = Debug|Any CPU
		{A5EAE30F-DE8B-47BF-B7A9-9EAA1525F297}.Debug|iPhoneSimulator.ActiveCfg = Debug|Any CPU
		{A5EAE30F-DE8B-47BF-B7A9-9EAA1525F297}.Debug|iPhoneSimulator.Build.0 = Debug|Any CPU
		{A5EAE30F-DE8B-47BF-B7A9-9EAA1525F297}.Release|Any CPU.ActiveCfg = Release|Any CPU
		{A5EAE30F-DE8B-47BF-B7A9-9EAA1525F297}.Release|Any CPU.Build.0 = Release|Any CPU
		{A5EAE30F-DE8B-47BF-B7A9-9EAA1525F297}.Release|iPhone.ActiveCfg = Release|Any CPU
		{A5EAE30F-DE8B-47BF-B7A9-9EAA1525F297}.Release|iPhone.Build.0 = Release|Any CPU
		{A5EAE30F-DE8B-47BF-B7A9-9EAA1525F297}.Release|iPhoneSimulator.ActiveCfg = Release|Any CPU
		{A5EAE30F-DE8B-47BF-B7A9-9EAA1525F297}.Release|iPhoneSimulator.Build.0 = Release|Any CPU
	EndGlobalSection
	GlobalSection(SolutionProperties) = preSolution
		HideSolutionNode = FALSE
	EndGlobalSection
EndGlobal
